
Microsoft Visual Studio Solution File, Format Version 12.00
# Visual Studio Version 16
VisualStudioVersion = 16.0.32228.343
MinimumVisualStudioVersion = 10.0.40219.1
Project("{9A19103F-16F7-4668-BE54-9A1E7A4F7556}") = "HelpDeskApp", "HelpDeskApp\HelpDeskApp.csproj", "{B5A49585-F4EC-4054-9E76-15F2A92E497B}"
EndProject
Project("{FAE04EC0-301F-11D3-BF4B-00C04F79EFBC}") = "HelpDeskTests", "HelpDeskTests\HelpDeskTests.csproj", "{80393E88-22C5-417B-9337-127D5476F8B1}"
EndProject
Global
	GlobalSection(SolutionConfigurationPlatforms) = preSolution
		Debug|Any CPU = Debug|Any CPU
		Release|Any CPU = Release|Any CPU
	EndGlobalSection
	GlobalSection(ProjectConfigurationPlatforms) = postSolution
		{B5A49585-F4EC-4054-9E76-15F2A92E497B}.Debug|Any CPU.ActiveCfg = Debug|Any CPU
		{B5A49585-F4EC-4054-9E76-15F2A92E497B}.Debug|Any CPU.Build.0 = Debug|Any CPU
		{B5A49585-F4EC-4054-9E76-15F2A92E497B}.Release|Any CPU.ActiveCfg = Release|Any CPU
		{B5A49585-F4EC-4054-9E76-15F2A92E497B}.Release|Any CPU.Build.0 = Release|Any CPU
		{80393E88-22C5-417B-9337-127D5476F8B1}.Debug|Any CPU.ActiveCfg = Debug|Any CPU
		{80393E88-22C5-417B-9337-127D5476F8B1}.Debug|Any CPU.Build.0 = Debug|Any CPU
		{80393E88-22C5-417B-9337-127D5476F8B1}.Release|Any CPU.ActiveCfg = Release|Any CPU
		{80393E88-22C5-417B-9337-127D5476F8B1}.Release|Any CPU.Build.0 = Release|Any CPU
	EndGlobalSection
	GlobalSection(SolutionProperties) = preSolution
		HideSolutionNode = FALSE
	EndGlobalSection
	GlobalSection(ExtensibilityGlobals) = postSolution
		SolutionGuid = {539B0C79-5D03-42AB-BE75-E21E04DDDEEC}
	EndGlobalSection
EndGlobal
